// !$*UTF8*$!
{
	archiveVersion = 1;
	classes = {
	};
	objectVersion = 48;
	objects = {

/* Begin PBXBuildFile section */
		EFC44CA4204D9E0E002F9F0F /* AppDelegate.swift in Sources */ = {isa = PBXBuildFile; fileRef = EFC44CA3204D9E0E002F9F0F /* AppDelegate.swift */; };
		EFC44CA6204D9E0E002F9F0F /* ViewController.swift in Sources */ = {isa = PBXBuildFile; fileRef = EFC44CA5204D9E0E002F9F0F /* ViewController.swift */; };
		EFC44CA9204D9E0E002F9F0F /* Main.storyboard in Resources */ = {isa = PBXBuildFile; fileRef = EFC44CA7204D9E0E002F9F0F /* Main.storyboard */; };
		EFC44CAB204D9E0E002F9F0F /* Assets.xcassets in Resources */ = {isa = PBXBuildFile; fileRef = EFC44CAA204D9E0E002F9F0F /* Assets.xcassets */; };
		EFC44CAE204D9E0E002F9F0F /* LaunchScreen.storyboard in Resources */ = {isa = PBXBuildFile; fileRef = EFC44CAC204D9E0E002F9F0F /* LaunchScreen.storyboard */; };
/* End PBXBuildFile section */

/* Begin PBXFileReference section */
		EFC44CA0204D9E0E002F9F0F /* Post-Secondary Opportunities.app */ = {isa = PBXFileReference; explicitFileType = wrapper.application; includeInIndex = 0; path = "Post-Secondary Opportunities.app"; sourceTree = BUILT_PRODUCTS_DIR; };
		EFC44CA3204D9E0E002F9F0F /* AppDelegate.swift */ = {isa = PBXFileReference; lastKnownFileType = sourcecode.swift; path = AppDelegate.swift; sourceTree = "<group>"; };
		EFC44CA5204D9E0E002F9F0F /* ViewController.swift */ = {isa = PBXFileReference; lastKnownFileType = sourcecode.swift; path = ViewController.swift; sourceTree = "<group>"; };
		EFC44CA8204D9E0E002F9F0F /* Base */ = {isa = PBXFileReference; lastKnownFileType = file.storyboard; name = Base; path = Base.lproj/Main.storyboard; sourceTree = "<group>"; };
		EFC44CAA204D9E0E002F9F0F /* Assets.xcassets */ = {isa = PBXFileReference; lastKnownFileType = folder.assetcatalog; path = Assets.xcassets; sourceTree = "<group>"; };
		EFC44CAD204D9E0E002F9F0F /* Base */ = {isa = PBXFileReference; lastKnownFileType = file.storyboard; name = Base; path = Base.lproj/LaunchScreen.storyboard; sourceTree = "<group>"; };
		EFC44CAF204D9E0E002F9F0F /* Info.plist */ = {isa = PBXFileReference; lastKnownFileType = text.plist.xml; path = Info.plist; sourceTree = "<group>"; };
/* End PBXFileReference section */

/* Begin PBXFrameworksBuildPhase section */
		EFC44C9D204D9E0E002F9F0F /* Frameworks */ = {
			isa = PBXFrameworksBuildPhase;
			buildActionMask = 2147483647;
			files = (
			);
			runOnlyForDeploymentPostprocessing = 0;
		};
/* End PBXFrameworksBuildPhase section */

/* Begin PBXGroup section */
		EFC44C97204D9E0E002F9F0F = {
			isa = PBXGroup;
			children = (
				EFC44CA2204D9E0E002F9F0F /* Post-Secondary Opportunities */,
				EFC44CA1204D9E0E002F9F0F /* Products */,
			);
			sourceTree = "<group>";
		};
		EFC44CA1204D9E0E002F9F0F /* Products */ = {
			isa = PBXGroup;
			children = (
				EFC44CA0204D9E0E002F9F0F /* Post-Secondary Opportunities.app */,
			);
			name = Products;
			sourceTree = "<group>";
		};
		EFC44CA2204D9E0E002F9F0F /* Post-Secondary Opportunities */ = {
			isa = PBXGroup;
			children = (
				EFC44CA3204D9E0E002F9F0F /* AppDelegate.swift */,
				EFC44CA5204D9E0E002F9F0F /* ViewController.swift */,
				EFC44CA7204D9E0E002F9F0F /* Main.storyboard */,
				EFC44CB5204D9EA4002F9F0F /* Supporting Files */,
				EFC44CAF204D9E0E002F9F0F /* Info.plist */,
			);
			path = "Post-Secondary Opportunities";
			sourceTree = "<group>";
		};
		EFC44CB5204D9EA4002F9F0F /* Supporting Files */ = {
			isa = PBXGroup;
			children = (
				EFC44CAC204D9E0E002F9F0F /* LaunchScreen.storyboard */,
				EFC44CAA204D9E0E002F9F0F /* Assets.xcassets */,
			);
			path = "Supporting Files";
			sourceTree = "<group>";
		};
/* End PBXGroup section */

/* Begin PBXNativeTarget section */
		EFC44C9F204D9E0E002F9F0F /* Post-Secondary Opportunities */ = {
			isa = PBXNativeTarget;
			buildConfigurationList = EFC44CB2204D9E0E002F9F0F /* Build configuration list for PBXNativeTarget "Post-Secondary Opportunities" */;
			buildPhases = (
				EFC44C9C204D9E0E002F9F0F /* Sources */,
				EFC44C9D204D9E0E002F9F0F /* Frameworks */,
				EFC44C9E204D9E0E002F9F0F /* Resources */,
			);
			buildRules = (
			);
			dependencies = (
			);
			name = "Post-Secondary Opportunities";
			productName = "Post-Secondary Opportunities";
			productReference = EFC44CA0204D9E0E002F9F0F /* Post-Secondary Opportunities.app */;
			productType = "com.apple.product-type.application";
		};
/* End PBXNativeTarget section */

/* Begin PBXProject section */
		EFC44C98204D9E0E002F9F0F /* Project object */ = {
			isa = PBXProject;
			attributes = {
				LastSwiftUpdateCheck = 0920;
				LastUpgradeCheck = 0920;
				ORGANIZATIONNAME = "Jason Guo";
				TargetAttributes = {
					EFC44C9F204D9E0E002F9F0F = {
						CreatedOnToolsVersion = 9.2;
						ProvisioningStyle = Automatic;
					};
				};
			};
			buildConfigurationList = EFC44C9B204D9E0E002F9F0F /* Build configuration list for PBXProject "Post-Secondary Opportunities" */;
			compatibilityVersion = "Xcode 8.0";
			developmentRegion = en;
			hasScannedForEncodings = 0;
			knownRegions = (
				en,
				Base,
			);
			mainGroup = EFC44C97204D9E0E002F9F0F;
			productRefGroup = EFC44CA1204D9E0E002F9F0F /* Products */;
			projectDirPath = "";
			projectRoot = "";
			targets = (
				EFC44C9F204D9E0E002F9F0F /* Post-Secondary Opportunities */,
			);
		};
/* End PBXProject section */

/* Begin PBXResourcesBuildPhase section */
		EFC44C9E204D9E0E002F9F0F /* Resources */ = {
			isa = PBXResourcesBuildPhase;
			buildActionMask = 2147483647;
			files = (
				EFC44CAE204D9E0E002F9F0F /* LaunchScreen.storyboard in Resources */,
				EFC44CAB204D9E0E002F9F0F /* Assets.xcassets in Resources */,
				EFC44CA9204D9E0E002F9F0F /* Main.storyboard in Resources */,
			);
			runOnlyForDeploymentPostprocessing = 0;
		};
/* End PBXResourcesBuildPhase section */

/* Begin PBXSourcesBuildPhase section */
		EFC44C9C204D9E0E002F9F0F /* Sources */ = {
			isa = PBXSourcesBuildPhase;
			buildActionMask = 2147483647;
			files = (
				EFC44CA6204D9E0E002F9F0F /* ViewController.swift in Sources */,
				EFC44CA4204D9E0E002F9F0F /* AppDelegate.swift in Sources */,
			);
			runOnlyForDeploymentPostprocessing = 0;
		};
/* End PBXSourcesBuildPhase section */

/* Begin PBXVariantGroup section */
		EFC44CA7204D9E0E002F9F0F /* Main.storyboard */ = {
			isa = PBXVariantGroup;
			children = (
				EFC44CA8204D9E0E002F9F0F /* Base */,
			);
			name = Main.storyboard;
			sourceTree = "<group>";
		};
		EFC44CAC204D9E0E002F9F0F /* LaunchScreen.storyboard */ = {
			isa = PBXVariantGroup;
			children = (
				EFC44CAD204D9E0E002F9F0F /* Base */,
			);
			name = LaunchScreen.storyboard;
			sourceTree = "<group>";
		};
/* End PBXVariantGroup section */

/* Begin XCBuildConfiguration section */
		EFC44CB0204D9E0E002F9F0F /* Debug */ = {
			isa = XCBuildConfiguration;
			buildSettings = {
				ALWAYS_SEARCH_USER_PATHS = NO;
				CLANG_ANALYZER_NONNULL = YES;
				CLANG_ANALYZER_NUMBER_OBJECT_CONVERSION = YES_AGGRESSIVE;
				CLANG_CXX_LANGUAGE_STANDARD = "gnu++14";
				CLANG_CXX_LIBRARY = "libc++";
				CLANG_ENABLE_MODULES = YES;
				CLANG_ENABLE_OBJC_ARC = YES;
				CLANG_WARN_BLOCK_CAPTURE_AUTORELEASING = YES;
				CLANG_WARN_BOOL_CONVERSION = YES;
				CLANG_WARN_COMMA = YES;
				CLANG_WARN_CONSTANT_CONVERSION = YES;
				CLANG_WARN_DIRECT_OBJC_ISA_USAGE = YES_ERROR;
				CLANG_WARN_DOCUMENTATION_COMMENTS = YES;
				CLANG_WARN_EMPTY_BODY = YES;
				CLANG_WARN_ENUM_CONVERSION = YES;
				CLANG_WARN_INFINITE_RECURSION = YES;
				CLANG_WARN_INT_CONVERSION = YES;
				CLANG_WARN_NON_LITERAL_NULL_CONVERSION = YES;
				CLANG_WARN_OBJC_LITERAL_CONVERSION = YES;
				CLANG_WARN_OBJC_ROOT_CLASS = YES_ERROR;
				CLANG_WARN_RANGE_LOOP_ANALYSIS = YES;
				CLANG_WARN_STRICT_PROTOTYPES = YES;
				CLANG_WARN_SUSPICIOUS_MOVE = YES;
				CLANG_WARN_UNGUARDED_AVAILABILITY = YES_AGGRESSIVE;
				CLANG_WARN_UNREACHABLE_CODE = YES;
				CLANG_WARN__DUPLICATE_METHOD_MATCH = YES;
				CODE_SIGN_IDENTITY = "iPhone Developer";
				COPY_PHASE_STRIP = NO;
				DEBUG_INFORMATION_FORMAT = dwarf;
				ENABLE_STRICT_OBJC_MSGSEND = YES;
				ENABLE_TESTABILITY = YES;
				GCC_C_LANGUAGE_STANDARD = gnu11;
				GCC_DYNAMIC_NO_PIC = NO;
				GCC_NO_COMMON_BLOCKS = YES;
				GCC_OPTIMIZATION_LEVEL = 0;
				GCC_PREPROCESSOR_DEFINITIONS = (
					"DEBUG=1",
					"$(inherited)",
				);
				GCC_WARN_64_TO_32_BIT_CONVERSION = YES;
				GCC_WARN_ABOUT_RETURN_TYPE = YES_ERROR;
				GCC_WARN_UNDECLARED_SELECTOR = YES;
				GCC_WARN_UNINITIALIZED_AUTOS = YES_AGGRESSIVE;
				GCC_WARN_UNUSED_FUNCTION = YES;
				GCC_WARN_UNUSED_VARIABLE = YES;
				IPHONEOS_DEPLOYMENT_TARGET = 11.2;
				MTL_ENABLE_DEBUG_INFO = YES;
				ONLY_ACTIVE_ARCH = YES;
				SDKROOT = iphoneos;
				SWIFT_ACTIVE_COMPILATION_CONDITIONS = DEBUG;
				SWIFT_OPTIMIZATION_LEVEL = "-Onone";
			};
			name = Debug;
		};
		EFC44CB1204D9E0E002F9F0F /* Release */ = {
			isa = XCBuildConfiguration;
			buildSettings = {
				ALWAYS_SEARCH_USER_PATHS = NO;
				CLANG_ANALYZER_NONNULL = YES;
				CLANG_ANALYZER_NUMBER_OBJECT_CONVERSION = YES_AGGRESSIVE;
				CLANG_CXX_LANGUAGE_STANDARD = "gnu++14";
				CLANG_CXX_LIBRARY = "libc++";
				CLANG_ENABLE_MODULES = YES;
				CLANG_ENABLE_OBJC_ARC = YES;
				CLANG_WARN_BLOCK_CAPTURE_AUTORELEASING = YES;
				CLANG_WARN_BOOL_CONVERSION = YES;
				CLANG_WARN_COMMA = YES;
				CLANG_WARN_CONSTANT_CONVERSION = YES;
				CLANG_WARN_DIRECT_OBJC_ISA_USAGE = YES_ERROR;
				CLANG_WARN_DOCUMENTATION_COMMENTS = YES;
				CLANG_WARN_EMPTY_BODY = YES;
				CLANG_WARN_ENUM_CONVERSION = YES;
				CLANG_WARN_INFINITE_RECURSION = YES;
				CLANG_WARN_INT_CONVERSION = YES;
				CLANG_WARN_NON_LITERAL_NULL_CONVERSION = YES;
				CLANG_WARN_OBJC_LITERAL_CONVERSION = YES;
				CLANG_WARN_OBJC_ROOT_CLASS = YES_ERROR;
				CLANG_WARN_RANGE_LOOP_ANALYSIS = YES;
				CLANG_WARN_STRICT_PROTOTYPES = YES;
				CLANG_WARN_SUSPICIOUS_MOVE = YES;
				CLANG_WARN_UNGUARDED_AVAILABILITY = YES_AGGRESSIVE;
				CLANG_WARN_UNREACHABLE_CODE = YES;
				CLANG_WARN__DUPLICATE_METHOD_MATCH = YES;
				CODE_SIGN_IDENTITY = "iPhone Developer";
				COPY_PHASE_STRIP = NO;
				DEBUG_INFORMATION_FORMAT = "dwarf-with-dsym";
				ENABLE_NS_ASSERTIONS = NO;
				ENABLE_STRICT_OBJC_MSGSEND = YES;
				GCC_C_LANGUAGE_STANDARD = gnu11;
				GCC_NO_COMMON_BLOCKS = YES;
				GCC_WARN_64_TO_32_BIT_CONVERSION = YES;
				GCC_WARN_ABOUT_RETURN_TYPE = YES_ERROR;
				GCC_WARN_UNDECLARED_SELECTOR = YES;
				GCC_WARN_UNINITIALIZED_AUTOS = YES_AGGRESSIVE;
				GCC_WARN_UNUSED_FUNCTION = YES;
				GCC_WARN_UNUSED_VARIABLE = YES;
				IPHONEOS_DEPLOYMENT_TARGET = 11.2;
				MTL_ENABLE_DEBUG_INFO = NO;
				SDKROOT = iphoneos;
				SWIFT_OPTIMIZATION_LEVEL = "-Owholemodule";
				VALIDATE_PRODUCT = YES;
			};
			name = Release;
		};
		EFC44CB3204D9E0E002F9F0F /* Debug */ = {
			isa = XCBuildConfiguration;
			buildSettings = {
				ASSETCATALOG_COMPILER_APPICON_NAME = AppIcon;
				CODE_SIGN_STYLE = Automatic;
				INFOPLIST_FILE = "Post-Secondary Opportunities/Info.plist";
				LD_RUNPATH_SEARCH_PATHS = "$(inherited) @executable_path/Frameworks";
				PRODUCT_BUNDLE_IDENTIFIER = "jason.Post-Secondary-Opportunities";
				PRODUCT_NAME = "$(TARGET_NAME)";
				SWIFT_VERSION = 4.0;
				TARGETED_DEVICE_FAMILY = "1,2";
			};
			name = Debug;
		};
		EFC44CB4204D9E0E002F9F0F /* Release */ = {
			isa = XCBuildConfiguration;
			buildSettings = {
				ASSETCATALOG_COMPILER_APPICON_NAME = AppIcon;
				CODE_SIGN_STYLE = Automatic;
				INFOPLIST_FILE = "Post-Secondary Opportunities/Info.plist";
				LD_RUNPATH_SEARCH_PATHS = "$(inherited) @executable_path/Frameworks";
				PRODUCT_BUNDLE_IDENTIFIER = "jason.Post-Secondary-Opportunities";
				PRODUCT_NAME = "$(TARGET_NAME)";
				SWIFT_VERSION = 4.0;
				TARGETED_DEVICE_FAMILY = "1,2";
			};
			name = Release;
		};
/* End XCBuildConfiguration section */

/* Begin XCConfigurationList section */
		EFC44C9B204D9E0E002F9F0F /* Build configuration list for PBXProject "Post-Secondary Opportunities" */ = {
			isa = XCConfigurationList;
			buildConfigurations = (
				EFC44CB0204D9E0E002F9F0F /* Debug */,
				EFC44CB1204D9E0E002F9F0F /* Release */,
			);
			defaultConfigurationIsVisible = 0;
			defaultConfigurationName = Release;
		};
		EFC44CB2204D9E0E002F9F0F /* Build configuration list for PBXNativeTarget "Post-Secondary Opportunities" */ = {
			isa = XCConfigurationList;
			buildConfigurations = (
				EFC44CB3204D9E0E002F9F0F /* Debug */,
				EFC44CB4204D9E0E002F9F0F /* Release */,
			);
			defaultConfigurationIsVisible = 0;
			defaultConfigurationName = Release;
		};
/* End XCConfigurationList section */
	};
	rootObject = EFC44C98204D9E0E002F9F0F /* Project object */;
}
